{
  "pins" : [
    {
      "identity" : "bigint",
      "kind" : "remoteSourceControl",
      "location" : "https://github.com/attaswift/BigInt.git",
      "state" : {
        "revision" : "0ed110f7555c34ff468e72e1686e59721f2b0da6",
        "version" : "5.3.0"
      }
    },
    {
      "identity" : "bite",
      "kind" : "remoteSourceControl",
      "location" : "git@github.com:radixdlt/Bite.git",
      "state" : {
        "revision" : "b6801c0d4e269063ebc7b4930269d9d728b64e47",
        "version" : "0.0.1"
      }
    },
    {
      "identity" : "difference",
      "kind" : "remoteSourceControl",
      "location" : "https://github.com/krzysztofzablocki/Difference.git",
      "state" : {
        "revision" : "f627d00718033c3d7888acd5f4e3524a843db1cf",
        "version" : "1.0.2"
      }
    },
    {
      "identity" : "k1",
      "kind" : "remoteSourceControl",
      "location" : "https://github.com/Sajjon/K1.git",
      "state" : {
        "revision" : "a6796d66597f0295fe3fe37e00bfda370b439c78",
        "version" : "0.0.4"
      }
    },
    {
      "identity" : "slip10",
      "kind" : "remoteSourceControl",
      "location" : "git@github.com:radixdlt/SLIP10.git",
      "state" : {
        "revision" : "c5eb8e5f72953e883208c54c54da4a104415fd61",
        "version" : "0.0.17"
      }
    },
    {
      "identity" : "swift-tagged",
      "kind" : "remoteSourceControl",
      "location" : "https://github.com/pointfreeco/swift-tagged.git",
      "state" : {
        "revision" : "f3f773a5e13f3c8f0ab1ce2ae6378058acefa87d",
        "version" : "0.7.0"
      }
    }
  ],
  "version" : 2
}
