{
  "pins" : [
    {
      "identity" : "bigint",
      "kind" : "remoteSourceControl",
      "location" : "https://github.com/attaswift/BigInt.git",
      "state" : {
        "revision" : "0ed110f7555c34ff468e72e1686e59721f2b0da6",
        "version" : "5.3.0"
      }
    },
    {
      "identity" : "bite",
      "kind" : "remoteSourceControl",
      "location" : "git@github.com:radixdlt/Bite.git",
      "state" : {
        "revision" : "b6801c0d4e269063ebc7b4930269d9d728b64e47",
        "version" : "0.0.1"
      }
    },
    {
      "identity" : "difference",
      "kind" : "remoteSourceControl",
      "location" : "https://github.com/krzysztofzablocki/Difference.git",
      "state" : {
        "revision" : "02fe1111edc8318c4f8a0da96336fcbcc201f38b",
        "version" : "1.0.1"
      }
    },
    {
      "identity" : "k1",
      "kind" : "remoteSourceControl",
      "location" : "https://github.com/Sajjon/K1.git",
      "state" : {
        "revision" : "c327b56ba11df06a73a6761ecd14c6b21653f4a2",
        "version" : "0.0.2"
      }
    },
    {
      "identity" : "slip10",
      "kind" : "remoteSourceControl",
      "location" : "git@github.com:radixdlt/SLIP10.git",
      "state" : {
        "revision" : "d93af9e9bf9106e2330b3f00af7683937d6f1c0e",
        "version" : "0.0.9"
      }
    },
    {
      "identity" : "swift-crypto",
      "kind" : "remoteSourceControl",
      "location" : "https://github.com/apple/swift-crypto.git",
      "state" : {
        "revision" : "d9825fa541df64b1a7b182178d61b9a82730d01f",
        "version" : "2.1.0"
      }
    },
    {
      "identity" : "swift-tagged",
      "kind" : "remoteSourceControl",
      "location" : "https://github.com/pointfreeco/swift-tagged.git",
      "state" : {
        "revision" : "f3f773a5e13f3c8f0ab1ce2ae6378058acefa87d",
        "version" : "0.7.0"
      }
    }
  ],
  "version" : 2
}
